
Microsoft Visual Studio Solution File, Format Version 12.00
# Visual Studio Version 16
VisualStudioVersion = 16.0.29503.13
MinimumVisualStudioVersion = 10.0.40219.1
Project("{FAE04EC0-301F-11D3-BF4B-00C04F79EFBC}") = "ContinumLabs", "ContinumLabs\ContinumLabs.csproj", "{AA44EBA5-6373-4C25-898D-D64250C1155A}"
EndProject
Global
	GlobalSection(SolutionConfigurationPlatforms) = preSolution
		Debug|Any CPU = Debug|Any CPU
		Release|Any CPU = Release|Any CPU
	EndGlobalSection
	GlobalSection(ProjectConfigurationPlatforms) = postSolution
		{AA44EBA5-6373-4C25-898D-D64250C1155A}.Debug|Any CPU.ActiveCfg = Debug|Any CPU
		{AA44EBA5-6373-4C25-898D-D64250C1155A}.Debug|Any CPU.Build.0 = Debug|Any CPU
		{AA44EBA5-6373-4C25-898D-D64250C1155A}.Release|Any CPU.ActiveCfg = Release|Any CPU
		{AA44EBA5-6373-4C25-898D-D64250C1155A}.Release|Any CPU.Build.0 = Release|Any CPU
	EndGlobalSection
	GlobalSection(SolutionProperties) = preSolution
		HideSolutionNode = FALSE
	EndGlobalSection
	GlobalSection(ExtensibilityGlobals) = postSolution
		SolutionGuid = {65BE91C8-33DF-4086-A9D0-354053BB7640}
	EndGlobalSection
EndGlobal
